
Microsoft Visual Studio Solution File, Format Version 12.00
# Visual Studio Version 17
VisualStudioVersion = 17.14.36915.13
MinimumVisualStudioVersion = 10.0.40219.1
Project("{FAE04EC0-301F-11D3-BF4B-00C04F79EFBC}") = "IIDXProgressDashboard", "IIDXProgressDashboard.csproj", "{33535985-E1FA-4741-AB09-235BFF129462}"
EndProject
Project("{2150E333-8FDC-42A3-9474-1A3956D46DE8}") = "tests", "tests", "{0AB3BF05-4346-4AA6-1389-037BE0695223}"
EndProject
Project("{FAE04EC0-301F-11D3-BF4B-00C04F79EFBC}") = "IIDXProgressDashboard.Tests", "tests\IIDXProgressDashboard.Tests\IIDXProgressDashboard.Tests.csproj", "{A75CC6B9-FE54-41F1-8B70-193084AFC1DB}"
EndProject
Global
	GlobalSection(SolutionConfigurationPlatforms) = preSolution
		Debug|Any CPU = Debug|Any CPU
		Debug|x64 = Debug|x64
		Debug|x86 = Debug|x86
		Release|Any CPU = Release|Any CPU
		Release|x64 = Release|x64
		Release|x86 = Release|x86
	EndGlobalSection
	GlobalSection(ProjectConfigurationPlatforms) = postSolution
		{33535985-E1FA-4741-AB09-235BFF129462}.Debug|Any CPU.ActiveCfg = Debug|Any CPU
		{33535985-E1FA-4741-AB09-235BFF129462}.Debug|Any CPU.Build.0 = Debug|Any CPU
		{33535985-E1FA-4741-AB09-235BFF129462}.Debug|x64.ActiveCfg = Debug|Any CPU
		{33535985-E1FA-4741-AB09-235BFF129462}.Debug|x64.Build.0 = Debug|Any CPU
		{33535985-E1FA-4741-AB09-235BFF129462}.Debug|x86.ActiveCfg = Debug|Any CPU
		{33535985-E1FA-4741-AB09-235BFF129462}.Debug|x86.Build.0 = Debug|Any CPU
		{33535985-E1FA-4741-AB09-235BFF129462}.Release|Any CPU.ActiveCfg = Release|Any CPU
		{33535985-E1FA-4741-AB09-235BFF129462}.Release|Any CPU.Build.0 = Release|Any CPU
		{33535985-E1FA-4741-AB09-235BFF129462}.Release|x64.ActiveCfg = Release|Any CPU
		{33535985-E1FA-4741-AB09-235BFF129462}.Release|x64.Build.0 = Release|Any CPU
		{33535985-E1FA-4741-AB09-235BFF129462}.Release|x86.ActiveCfg = Release|Any CPU
		{33535985-E1FA-4741-AB09-235BFF129462}.Release|x86.Build.0 = Release|Any CPU
		{A75CC6B9-FE54-41F1-8B70-193084AFC1DB}.Debug|Any CPU.ActiveCfg = Debug|Any CPU
		{A75CC6B9-FE54-41F1-8B70-193084AFC1DB}.Debug|Any CPU.Build.0 = Debug|Any CPU
		{A75CC6B9-FE54-41F1-8B70-193084AFC1DB}.Debug|x64.ActiveCfg = Debug|Any CPU
		{A75CC6B9-FE54-41F1-8B70-193084AFC1DB}.Debug|x64.Build.0 = Debug|Any CPU
		{A75CC6B9-FE54-41F1-8B70-193084AFC1DB}.Debug|x86.ActiveCfg = Debug|Any CPU
		{A75CC6B9-FE54-41F1-8B70-193084AFC1DB}.Debug|x86.Build.0 = Debug|Any CPU
		{A75CC6B9-FE54-41F1-8B70-193084AFC1DB}.Release|Any CPU.ActiveCfg = Release|Any CPU
		{A75CC6B9-FE54-41F1-8B70-193084AFC1DB}.Release|Any CPU.Build.0 = Release|Any CPU
		{A75CC6B9-FE54-41F1-8B70-193084AFC1DB}.Release|x64.ActiveCfg = Release|Any CPU
		{A75CC6B9-FE54-41F1-8B70-193084AFC1DB}.Release|x64.Build.0 = Release|Any CPU
		{A75CC6B9-FE54-41F1-8B70-193084AFC1DB}.Release|x86.ActiveCfg = Release|Any CPU
		{A75CC6B9-FE54-41F1-8B70-193084AFC1DB}.Release|x86.Build.0 = Release|Any CPU
	EndGlobalSection
	GlobalSection(SolutionProperties) = preSolution
		HideSolutionNode = FALSE
	EndGlobalSection
	GlobalSection(NestedProjects) = preSolution
		{A75CC6B9-FE54-41F1-8B70-193084AFC1DB} = {0AB3BF05-4346-4AA6-1389-037BE0695223}
	EndGlobalSection
	GlobalSection(ExtensibilityGlobals) = postSolution
		SolutionGuid = {8FB18087-DA9F-4A9F-A951-D9ECE05A641C}
	EndGlobalSection
EndGlobal
